
Microsoft Visual Studio Solution File, Format Version 12.00
# Visual Studio Version 16
VisualStudioVersion = 16.0.29215.179
MinimumVisualStudioVersion = 10.0.40219.1
Project("{FAE04EC0-301F-11D3-BF4B-00C04F79EFBC}") = "LearningObjectives", "LearningObjectives\LearningObjectives.csproj", "{F507AFD8-5403-45B6-BABD-7B1CB53FA031}"
EndProject
Global
	GlobalSection(SolutionConfigurationPlatforms) = preSolution
		Debug|Any CPU = Debug|Any CPU
		Release|Any CPU = Release|Any CPU
	EndGlobalSection
	GlobalSection(ProjectConfigurationPlatforms) = postSolution
		{F507AFD8-5403-45B6-BABD-7B1CB53FA031}.Debug|Any CPU.ActiveCfg = Debug|Any CPU
		{F507AFD8-5403-45B6-BABD-7B1CB53FA031}.Debug|Any CPU.Build.0 = Debug|Any CPU
		{F507AFD8-5403-45B6-BABD-7B1CB53FA031}.Release|Any CPU.ActiveCfg = Release|Any CPU
		{F507AFD8-5403-45B6-BABD-7B1CB53FA031}.Release|Any CPU.Build.0 = Release|Any CPU
	EndGlobalSection
	GlobalSection(SolutionProperties) = preSolution
		HideSolutionNode = FALSE
	EndGlobalSection
	GlobalSection(ExtensibilityGlobals) = postSolution
		SolutionGuid = {2BCA880B-73EB-4D71-B386-DE26559AFF56}
	EndGlobalSection
EndGlobal
